// !$*UTF8*$!
{
	archiveVersion = 1;
	classes = {
	};
	objectVersion = 77;
	objects = {

/* Begin PBXBuildFile section */
		049BC378F6B3D8A0F5348966 /* ShortcutsView.swift in Sources */ = {isa = PBXBuildFile; fileRef = C1DB5EF29C6C724020BF58EF /* ShortcutsView.swift */; };
		0652588C1A767AEFDA2EE5DA /* ShowerthoughtsProvider.swift in Sources */ = {isa = PBXBuildFile; fileRef = 8A9214FC35E625978E06A416 /* ShowerthoughtsProvider.swift */; };
		0977095EDD050E8F4940841D /* ImageLoader.swift in Sources */ = {isa = PBXBuildFile; fileRef = 37BC757CD716A47F38065607 /* ImageLoader.swift */; };
		10D3DA5AB4BBC013A5167E85 /* RefreshIntents.swift in Sources */ = {isa = PBXBuildFile; fileRef = 250AAFAA2D43293AAE6A7BF2 /* RefreshIntents.swift */; };
		195D1340E1BD26D8F71CB75D /* CalendarProvider.swift in Sources */ = {isa = PBXBuildFile; fileRef = 421A94C7892C49148B5EE528 /* CalendarProvider.swift */; };
		19B6DB965FE7B44FD205B006 /* SetupCode.swift in Sources */ = {isa = PBXBuildFile; fileRef = 72CCCB968402A863A86C04A5 /* SetupCode.swift */; };
		1A37101A10DF57C0ADC1095A /* FollowThreadLiveActivity.swift in Sources */ = {isa = PBXBuildFile; fileRef = 04F2A567C5494F21BBDDB095 /* FollowThreadLiveActivity.swift */; };
		3A6A02CBB883EDFC84A02FB9 /* RedditAppOnlyClient.swift in Sources */ = {isa = PBXBuildFile; fileRef = 80E654406A332FE6A70DAB87 /* RedditAppOnlyClient.swift */; };
		5DC27DB91656EEE2213B8B6F /* ApolloRebornWidgetBundle.swift in Sources */ = {isa = PBXBuildFile; fileRef = 8025C96F504C282AF74FE637 /* ApolloRebornWidgetBundle.swift */; };
		6658535877ED335402417725 /* Headline.swift in Sources */ = {isa = PBXBuildFile; fileRef = 3249E8A3BADAFDAD5602C5F2 /* Headline.swift */; };
		6F85E60539F14DC0DEB6FAA7 /* ShowerthoughtsViews.swift in Sources */ = {isa = PBXBuildFile; fileRef = 31E94759338F8BD2CAA5AC01 /* ShowerthoughtsViews.swift */; };
		701475AEBE1002C4082F23FF /* FollowThreadActivity.swift in Sources */ = {isa = PBXBuildFile; fileRef = 425771AF333AFCDCAEB0654E /* FollowThreadActivity.swift */; };
		789622FCFB38A7885ECF3AF6 /* ShortcutsProvider.swift in Sources */ = {isa = PBXBuildFile; fileRef = 13AE04DD75C1C3E84CA2739E /* ShortcutsProvider.swift */; };
		861BE6CF6DB82764C7EA09E5 /* CalendarView.swift in Sources */ = {isa = PBXBuildFile; fileRef = B4DC027941674A82D58586A3 /* CalendarView.swift */; };
		8FAFF4EB4AF9BC40F994C9AB /* Assets.xcassets in Resources */ = {isa = PBXBuildFile; fileRef = 19FB33ECA1BE1325C7761FE7 /* Assets.xcassets */; };
		919F475FFE538F7BE2C95EBD /* WidgetViews.swift in Sources */ = {isa = PBXBuildFile; fileRef = 3B124098BE2D596B04372038 /* WidgetViews.swift */; };
		93F62EAFCB251AEB205B25E2 /* RedditModels.swift in Sources */ = {isa = PBXBuildFile; fileRef = 1DA3E81AD2A9A201602141B6 /* RedditModels.swift */; };
		AA41128011E136D87EE0766D /* RebornWidgets.intentdefinition in Sources */ = {isa = PBXBuildFile; fileRef = E6A54C45F76E9F6433F9C204 /* RebornWidgets.intentdefinition */; };
		E5CB147570C744716506D5EE /* MediaProviders.swift in Sources */ = {isa = PBXBuildFile; fileRef = A3D361D9E538B994FB81CD76 /* MediaProviders.swift */; };
		EFBDC58C7A79C6B4E5ECCC8E /* WidgetShared.swift in Sources */ = {isa = PBXBuildFile; fileRef = 3099A4A81DC2C0AFF4E78950 /* WidgetShared.swift */; };
		F34847B64B031F0824762E68 /* MediaViews.swift in Sources */ = {isa = PBXBuildFile; fileRef = ED0FFC4758AAA17AABA51170 /* MediaViews.swift */; };
/* End PBXBuildFile section */

/* Begin PBXFileReference section */
		04F2A567C5494F21BBDDB095 /* FollowThreadLiveActivity.swift */ = {isa = PBXFileReference; lastKnownFileType = sourcecode.swift; path = FollowThreadLiveActivity.swift; sourceTree = "<group>"; };
		13AE04DD75C1C3E84CA2739E /* ShortcutsProvider.swift */ = {isa = PBXFileReference; lastKnownFileType = sourcecode.swift; path = ShortcutsProvider.swift; sourceTree = "<group>"; };
		19FB33ECA1BE1325C7761FE7 /* Assets.xcassets */ = {isa = PBXFileReference; lastKnownFileType = folder.assetcatalog; path = Assets.xcassets; sourceTree = "<group>"; };
		1DA3E81AD2A9A201602141B6 /* RedditModels.swift */ = {isa = PBXFileReference; lastKnownFileType = sourcecode.swift; path = RedditModels.swift; sourceTree = "<group>"; };
		250AAFAA2D43293AAE6A7BF2 /* RefreshIntents.swift */ = {isa = PBXFileReference; lastKnownFileType = sourcecode.swift; path = RefreshIntents.swift; sourceTree = "<group>"; };
		3099A4A81DC2C0AFF4E78950 /* WidgetShared.swift */ = {isa = PBXFileReference; lastKnownFileType = sourcecode.swift; path = WidgetShared.swift; sourceTree = "<group>"; };
		31E94759338F8BD2CAA5AC01 /* ShowerthoughtsViews.swift */ = {isa = PBXFileReference; lastKnownFileType = sourcecode.swift; path = ShowerthoughtsViews.swift; sourceTree = "<group>"; };
		3249E8A3BADAFDAD5602C5F2 /* Headline.swift */ = {isa = PBXFileReference; lastKnownFileType = sourcecode.swift; path = Headline.swift; sourceTree = "<group>"; };
		37BC757CD716A47F38065607 /* ImageLoader.swift */ = {isa = PBXFileReference; lastKnownFileType = sourcecode.swift; path = ImageLoader.swift; sourceTree = "<group>"; };
		3B124098BE2D596B04372038 /* WidgetViews.swift */ = {isa = PBXFileReference; lastKnownFileType = sourcecode.swift; path = WidgetViews.swift; sourceTree = "<group>"; };
		421A94C7892C49148B5EE528 /* CalendarProvider.swift */ = {isa = PBXFileReference; lastKnownFileType = sourcecode.swift; path = CalendarProvider.swift; sourceTree = "<group>"; };
		425771AF333AFCDCAEB0654E /* FollowThreadActivity.swift */ = {isa = PBXFileReference; lastKnownFileType = sourcecode.swift; path = FollowThreadActivity.swift; sourceTree = "<group>"; };
		72CCCB968402A863A86C04A5 /* SetupCode.swift */ = {isa = PBXFileReference; lastKnownFileType = sourcecode.swift; path = SetupCode.swift; sourceTree = "<group>"; };
		8025C96F504C282AF74FE637 /* ApolloRebornWidgetBundle.swift */ = {isa = PBXFileReference; lastKnownFileType = sourcecode.swift; path = ApolloRebornWidgetBundle.swift; sourceTree = "<group>"; };
		80E654406A332FE6A70DAB87 /* RedditAppOnlyClient.swift */ = {isa = PBXFileReference; lastKnownFileType = sourcecode.swift; path = RedditAppOnlyClient.swift; sourceTree = "<group>"; };
		8A9214FC35E625978E06A416 /* ShowerthoughtsProvider.swift */ = {isa = PBXFileReference; lastKnownFileType = sourcecode.swift; path = ShowerthoughtsProvider.swift; sourceTree = "<group>"; };
		A3D361D9E538B994FB81CD76 /* MediaProviders.swift */ = {isa = PBXFileReference; lastKnownFileType = sourcecode.swift; path = MediaProviders.swift; sourceTree = "<group>"; };
		B4DC027941674A82D58586A3 /* CalendarView.swift */ = {isa = PBXFileReference; lastKnownFileType = sourcecode.swift; path = CalendarView.swift; sourceTree = "<group>"; };
		B8421465C7FC6C4BF4C3948B /* ApolloRebornWidgets.appex */ = {isa = PBXFileReference; includeInIndex = 0; lastKnownFileType = "wrapper.app-extension"; path = ApolloRebornWidgets.appex; sourceTree = BUILT_PRODUCTS_DIR; };
		C1DB5EF29C6C724020BF58EF /* ShortcutsView.swift */ = {isa = PBXFileReference; lastKnownFileType = sourcecode.swift; path = ShortcutsView.swift; sourceTree = "<group>"; };
		E6A54C45F76E9F6433F9C204 /* RebornWidgets.intentdefinition */ = {isa = PBXFileReference; lastKnownFileType = file.intentdefinition; path = RebornWidgets.intentdefinition; sourceTree = "<group>"; };
		ED0FFC4758AAA17AABA51170 /* MediaViews.swift */ = {isa = PBXFileReference; lastKnownFileType = sourcecode.swift; path = MediaViews.swift; sourceTree = "<group>"; };
/* End PBXFileReference section */

/* Begin PBXGroup section */
		A6F90CCCAAB9692048D24762 = {
			isa = PBXGroup;
			children = (
				F0C608AF7183CDD457634607 /* Sources */,
				D07EC3264721EFED4D4AD471 /* Products */,
			);
			sourceTree = "<group>";
		};
		D07EC3264721EFED4D4AD471 /* Products */ = {
			isa = PBXGroup;
			children = (
				B8421465C7FC6C4BF4C3948B /* ApolloRebornWidgets.appex */,
			);
			name = Products;
			sourceTree = "<group>";
		};
		F0C608AF7183CDD457634607 /* Sources */ = {
			isa = PBXGroup;
			children = (
				8025C96F504C282AF74FE637 /* ApolloRebornWidgetBundle.swift */,
				19FB33ECA1BE1325C7761FE7 /* Assets.xcassets */,
				421A94C7892C49148B5EE528 /* CalendarProvider.swift */,
				B4DC027941674A82D58586A3 /* CalendarView.swift */,
				425771AF333AFCDCAEB0654E /* FollowThreadActivity.swift */,
				04F2A567C5494F21BBDDB095 /* FollowThreadLiveActivity.swift */,
				3249E8A3BADAFDAD5602C5F2 /* Headline.swift */,
				37BC757CD716A47F38065607 /* ImageLoader.swift */,
				A3D361D9E538B994FB81CD76 /* MediaProviders.swift */,
				ED0FFC4758AAA17AABA51170 /* MediaViews.swift */,
				E6A54C45F76E9F6433F9C204 /* RebornWidgets.intentdefinition */,
				80E654406A332FE6A70DAB87 /* RedditAppOnlyClient.swift */,
				1DA3E81AD2A9A201602141B6 /* RedditModels.swift */,
				250AAFAA2D43293AAE6A7BF2 /* RefreshIntents.swift */,
				72CCCB968402A863A86C04A5 /* SetupCode.swift */,
				13AE04DD75C1C3E84CA2739E /* ShortcutsProvider.swift */,
				C1DB5EF29C6C724020BF58EF /* ShortcutsView.swift */,
				8A9214FC35E625978E06A416 /* ShowerthoughtsProvider.swift */,
				31E94759338F8BD2CAA5AC01 /* ShowerthoughtsViews.swift */,
				3099A4A81DC2C0AFF4E78950 /* WidgetShared.swift */,
				3B124098BE2D596B04372038 /* WidgetViews.swift */,
			);
			path = Sources;
			sourceTree = "<group>";
		};
/* End PBXGroup section */

/* Begin PBXNativeTarget section */
		15734305F4D46D38EB6DAE5E /* ApolloRebornWidgets */ = {
			isa = PBXNativeTarget;
			buildConfigurationList = EB57E0E4593F1C0D461E356F /* Build configuration list for PBXNativeTarget "ApolloRebornWidgets" */;
			buildPhases = (
				6B2BE18F1BDED7CBDD5C9405 /* Sources */,
				A6F98BC72468F8D6BF3F8A0D /* Resources */,
			);
			buildRules = (
			);
			dependencies = (
			);
			name = ApolloRebornWidgets;
			packageProductDependencies = (
			);
			productName = ApolloRebornWidgets;
			productReference = B8421465C7FC6C4BF4C3948B /* ApolloRebornWidgets.appex */;
			productType = "com.apple.product-type.app-extension";
		};
/* End PBXNativeTarget section */

/* Begin PBXProject section */
		18049AE05DF1961089CB51BA /* Project object */ = {
			isa = PBXProject;
			attributes = {
				BuildIndependentTargetsInParallel = YES;
				LastUpgradeCheck = 1430;
				TargetAttributes = {
				};
			};
			buildConfigurationList = 9B93D118C2628F4DF205EABD /* Build configuration list for PBXProject "ApolloRebornWidgets" */;
			developmentRegion = en;
			hasScannedForEncodings = 0;
			knownRegions = (
				Base,
				en,
			);
			mainGroup = A6F90CCCAAB9692048D24762;
			minimizedProjectReferenceProxies = 1;
			preferredProjectObjectVersion = 77;
			productRefGroup = D07EC3264721EFED4D4AD471 /* Products */;
			projectDirPath = "";
			projectRoot = "";
			targets = (
				15734305F4D46D38EB6DAE5E /* ApolloRebornWidgets */,
			);
		};
/* End PBXProject section */

/* Begin PBXResourcesBuildPhase section */
		A6F98BC72468F8D6BF3F8A0D /* Resources */ = {
			isa = PBXResourcesBuildPhase;
			buildActionMask = 2147483647;
			files = (
				8FAFF4EB4AF9BC40F994C9AB /* Assets.xcassets in Resources */,
			);
			runOnlyForDeploymentPostprocessing = 0;
		};
/* End PBXResourcesBuildPhase section */

/* Begin PBXSourcesBuildPhase section */
		6B2BE18F1BDED7CBDD5C9405 /* Sources */ = {
			isa = PBXSourcesBuildPhase;
			buildActionMask = 2147483647;
			files = (
				5DC27DB91656EEE2213B8B6F /* ApolloRebornWidgetBundle.swift in Sources */,
				195D1340E1BD26D8F71CB75D /* CalendarProvider.swift in Sources */,
				861BE6CF6DB82764C7EA09E5 /* CalendarView.swift in Sources */,
				701475AEBE1002C4082F23FF /* FollowThreadActivity.swift in Sources */,
				1A37101A10DF57C0ADC1095A /* FollowThreadLiveActivity.swift in Sources */,
				6658535877ED335402417725 /* Headline.swift in Sources */,
				0977095EDD050E8F4940841D /* ImageLoader.swift in Sources */,
				E5CB147570C744716506D5EE /* MediaProviders.swift in Sources */,
				F34847B64B031F0824762E68 /* MediaViews.swift in Sources */,
				AA41128011E136D87EE0766D /* RebornWidgets.intentdefinition in Sources */,
				3A6A02CBB883EDFC84A02FB9 /* RedditAppOnlyClient.swift in Sources */,
				93F62EAFCB251AEB205B25E2 /* RedditModels.swift in Sources */,
				10D3DA5AB4BBC013A5167E85 /* RefreshIntents.swift in Sources */,
				19B6DB965FE7B44FD205B006 /* SetupCode.swift in Sources */,
				789622FCFB38A7885ECF3AF6 /* ShortcutsProvider.swift in Sources */,
				049BC378F6B3D8A0F5348966 /* ShortcutsView.swift in Sources */,
				0652588C1A767AEFDA2EE5DA /* ShowerthoughtsProvider.swift in Sources */,
				6F85E60539F14DC0DEB6FAA7 /* ShowerthoughtsViews.swift in Sources */,
				EFBDC58C7A79C6B4E5ECCC8E /* WidgetShared.swift in Sources */,
				919F475FFE538F7BE2C95EBD /* WidgetViews.swift in Sources */,
			);
			runOnlyForDeploymentPostprocessing = 0;
		};
/* End PBXSourcesBuildPhase section */

/* Begin XCBuildConfiguration section */
		6E5EAC85FDA94ED1AB649CC7 /* Release */ = {
			isa = XCBuildConfiguration;
			buildSettings = {
				ALWAYS_SEARCH_USER_PATHS = NO;
				CLANG_ANALYZER_NONNULL = YES;
				CLANG_ANALYZER_NUMBER_OBJECT_CONVERSION = YES_AGGRESSIVE;
				CLANG_CXX_LANGUAGE_STANDARD = "gnu++14";
				CLANG_CXX_LIBRARY = "libc++";
				CLANG_ENABLE_MODULES = YES;
				CLANG_ENABLE_OBJC_ARC = YES;
				CLANG_ENABLE_OBJC_WEAK = YES;
				CLANG_WARN_BLOCK_CAPTURE_AUTORELEASING = YES;
				CLANG_WARN_BOOL_CONVERSION = YES;
				CLANG_WARN_COMMA = YES;
				CLANG_WARN_CONSTANT_CONVERSION = YES;
				CLANG_WARN_DEPRECATED_OBJC_IMPLEMENTATIONS = YES;
				CLANG_WARN_DIRECT_OBJC_ISA_USAGE = YES_ERROR;
				CLANG_WARN_DOCUMENTATION_COMMENTS = YES;
				CLANG_WARN_EMPTY_BODY = YES;
				CLANG_WARN_ENUM_CONVERSION = YES;
				CLANG_WARN_INFINITE_RECURSION = YES;
				CLANG_WARN_INT_CONVERSION = YES;
				CLANG_WARN_NON_LITERAL_NULL_CONVERSION = YES;
				CLANG_WARN_OBJC_IMPLICIT_RETAIN_SELF = YES;
				CLANG_WARN_OBJC_LITERAL_CONVERSION = YES;
				CLANG_WARN_OBJC_ROOT_CLASS = YES_ERROR;
				CLANG_WARN_QUOTED_INCLUDE_IN_FRAMEWORK_HEADER = YES;
				CLANG_WARN_RANGE_LOOP_ANALYSIS = YES;
				CLANG_WARN_STRICT_PROTOTYPES = YES;
				CLANG_WARN_SUSPICIOUS_MOVE = YES;
				CLANG_WARN_UNGUARDED_AVAILABILITY = YES_AGGRESSIVE;
				CLANG_WARN_UNREACHABLE_CODE = YES;
				CLANG_WARN__DUPLICATE_METHOD_MATCH = YES;
				CODE_SIGNING_ALLOWED = NO;
				CODE_SIGNING_REQUIRED = NO;
				COPY_PHASE_STRIP = NO;
				DEBUG_INFORMATION_FORMAT = "dwarf-with-dsym";
				ENABLE_BITCODE = NO;
				ENABLE_NS_ASSERTIONS = NO;
				ENABLE_STRICT_OBJC_MSGSEND = YES;
				GCC_C_LANGUAGE_STANDARD = gnu11;
				GCC_NO_COMMON_BLOCKS = YES;
				GCC_WARN_64_TO_32_BIT_CONVERSION = YES;
				GCC_WARN_ABOUT_RETURN_TYPE = YES_ERROR;
				GCC_WARN_UNDECLARED_SELECTOR = YES;
				GCC_WARN_UNINITIALIZED_AUTOS = YES_AGGRESSIVE;
				GCC_WARN_UNUSED_FUNCTION = YES;
				GCC_WARN_UNUSED_VARIABLE = YES;
				IPHONEOS_DEPLOYMENT_TARGET = 17.0;
				MTL_ENABLE_DEBUG_INFO = NO;
				MTL_FAST_MATH = YES;
				PRODUCT_NAME = "$(TARGET_NAME)";
				SDKROOT = iphoneos;
				SWIFT_COMPILATION_MODE = wholemodule;
				SWIFT_OPTIMIZATION_LEVEL = "-O";
				SWIFT_VERSION = 5.0;
				TARGETED_DEVICE_FAMILY = "1,2";
			};
			name = Release;
		};
		745F21C3F0E31835153E21BB /* Debug */ = {
			isa = XCBuildConfiguration;
			buildSettings = {
				ALWAYS_EMBED_SWIFT_STANDARD_LIBRARIES = NO;
				GENERATE_INFOPLIST_FILE = NO;
				INFOPLIST_FILE = Info.plist;
				INTENTS_CODEGEN_LANGUAGE = Swift;
				LD_RUNPATH_SEARCH_PATHS = (
					"$(inherited)",
					"@executable_path/Frameworks",
					"@executable_path/../../Frameworks",
				);
				PRODUCT_BUNDLE_IDENTIFIER = com.christianselig.Apollo.RebornWidgets;
				PRODUCT_NAME = ApolloRebornWidgets;
				SDKROOT = iphoneos;
				SKIP_INSTALL = YES;
				TARGETED_DEVICE_FAMILY = "1,2";
			};
			name = Debug;
		};
		C32A11C1763A2FF28D93F912 /* Release */ = {
			isa = XCBuildConfiguration;
			buildSettings = {
				ALWAYS_EMBED_SWIFT_STANDARD_LIBRARIES = NO;
				GENERATE_INFOPLIST_FILE = NO;
				INFOPLIST_FILE = Info.plist;
				INTENTS_CODEGEN_LANGUAGE = Swift;
				LD_RUNPATH_SEARCH_PATHS = (
					"$(inherited)",
					"@executable_path/Frameworks",
					"@executable_path/../../Frameworks",
				);
				PRODUCT_BUNDLE_IDENTIFIER = com.christianselig.Apollo.RebornWidgets;
				PRODUCT_NAME = ApolloRebornWidgets;
				SDKROOT = iphoneos;
				SKIP_INSTALL = YES;
				TARGETED_DEVICE_FAMILY = "1,2";
			};
			name = Release;
		};
		F2D95C315AE4E22DC7CEAB77 /* Debug */ = {
			isa = XCBuildConfiguration;
			buildSettings = {
				ALWAYS_SEARCH_USER_PATHS = NO;
				CLANG_ANALYZER_NONNULL = YES;
				CLANG_ANALYZER_NUMBER_OBJECT_CONVERSION = YES_AGGRESSIVE;
				CLANG_CXX_LANGUAGE_STANDARD = "gnu++14";
				CLANG_CXX_LIBRARY = "libc++";
				CLANG_ENABLE_MODULES = YES;
				CLANG_ENABLE_OBJC_ARC = YES;
				CLANG_ENABLE_OBJC_WEAK = YES;
				CLANG_WARN_BLOCK_CAPTURE_AUTORELEASING = YES;
				CLANG_WARN_BOOL_CONVERSION = YES;
				CLANG_WARN_COMMA = YES;
				CLANG_WARN_CONSTANT_CONVERSION = YES;
				CLANG_WARN_DEPRECATED_OBJC_IMPLEMENTATIONS = YES;
				CLANG_WARN_DIRECT_OBJC_ISA_USAGE = YES_ERROR;
				CLANG_WARN_DOCUMENTATION_COMMENTS = YES;
				CLANG_WARN_EMPTY_BODY = YES;
				CLANG_WARN_ENUM_CONVERSION = YES;
				CLANG_WARN_INFINITE_RECURSION = YES;
				CLANG_WARN_INT_CONVERSION = YES;
				CLANG_WARN_NON_LITERAL_NULL_CONVERSION = YES;
				CLANG_WARN_OBJC_IMPLICIT_RETAIN_SELF = YES;
				CLANG_WARN_OBJC_LITERAL_CONVERSION = YES;
				CLANG_WARN_OBJC_ROOT_CLASS = YES_ERROR;
				CLANG_WARN_QUOTED_INCLUDE_IN_FRAMEWORK_HEADER = YES;
				CLANG_WARN_RANGE_LOOP_ANALYSIS = YES;
				CLANG_WARN_STRICT_PROTOTYPES = YES;
				CLANG_WARN_SUSPICIOUS_MOVE = YES;
				CLANG_WARN_UNGUARDED_AVAILABILITY = YES_AGGRESSIVE;
				CLANG_WARN_UNREACHABLE_CODE = YES;
				CLANG_WARN__DUPLICATE_METHOD_MATCH = YES;
				CODE_SIGNING_ALLOWED = NO;
				CODE_SIGNING_REQUIRED = NO;
				COPY_PHASE_STRIP = NO;
				DEBUG_INFORMATION_FORMAT = dwarf;
				ENABLE_BITCODE = NO;
				ENABLE_STRICT_OBJC_MSGSEND = YES;
				ENABLE_TESTABILITY = YES;
				GCC_C_LANGUAGE_STANDARD = gnu11;
				GCC_DYNAMIC_NO_PIC = NO;
				GCC_NO_COMMON_BLOCKS = YES;
				GCC_OPTIMIZATION_LEVEL = 0;
				GCC_PREPROCESSOR_DEFINITIONS = (
					"$(inherited)",
					"DEBUG=1",
				);
				GCC_WARN_64_TO_32_BIT_CONVERSION = YES;
				GCC_WARN_ABOUT_RETURN_TYPE = YES_ERROR;
				GCC_WARN_UNDECLARED_SELECTOR = YES;
				GCC_WARN_UNINITIALIZED_AUTOS = YES_AGGRESSIVE;
				GCC_WARN_UNUSED_FUNCTION = YES;
				GCC_WARN_UNUSED_VARIABLE = YES;
				IPHONEOS_DEPLOYMENT_TARGET = 17.0;
				MTL_ENABLE_DEBUG_INFO = INCLUDE_SOURCE;
				MTL_FAST_MATH = YES;
				ONLY_ACTIVE_ARCH = YES;
				PRODUCT_NAME = "$(TARGET_NAME)";
				SDKROOT = iphoneos;
				SWIFT_ACTIVE_COMPILATION_CONDITIONS = DEBUG;
				SWIFT_OPTIMIZATION_LEVEL = "-Onone";
				SWIFT_VERSION = 5.0;
				TARGETED_DEVICE_FAMILY = "1,2";
			};
			name = Debug;
		};
/* End XCBuildConfiguration section */

/* Begin XCConfigurationList section */
		9B93D118C2628F4DF205EABD /* Build configuration list for PBXProject "ApolloRebornWidgets" */ = {
			isa = XCConfigurationList;
			buildConfigurations = (
				F2D95C315AE4E22DC7CEAB77 /* Debug */,
				6E5EAC85FDA94ED1AB649CC7 /* Release */,
			);
			defaultConfigurationIsVisible = 0;
			defaultConfigurationName = Debug;
		};
		EB57E0E4593F1C0D461E356F /* Build configuration list for PBXNativeTarget "ApolloRebornWidgets" */ = {
			isa = XCConfigurationList;
			buildConfigurations = (
				745F21C3F0E31835153E21BB /* Debug */,
				C32A11C1763A2FF28D93F912 /* Release */,
			);
			defaultConfigurationIsVisible = 0;
			defaultConfigurationName = Debug;
		};
/* End XCConfigurationList section */
	};
	rootObject = 18049AE05DF1961089CB51BA /* Project object */;
}
